// !$*UTF8*$!
{
	archiveVersion = 1;
	classes = {
	};
	objectVersion = 46;
	objects = {

/* Begin PBXBuildFile section */
		BEF2DF8E1CCA296500E72383 /* AppDelegate.swift in Sources */ = {isa = PBXBuildFile; fileRef = BEF2DF8D1CCA296500E72383 /* AppDelegate.swift */; };
		BEF2DF901CCA296500E72383 /* ViewController.swift in Sources */ = {isa = PBXBuildFile; fileRef = BEF2DF8F1CCA296500E72383 /* ViewController.swift */; };
		BEF2DF931CCA296500E72383 /* Main.storyboard in Resources */ = {isa = PBXBuildFile; fileRef = BEF2DF911CCA296500E72383 /* Main.storyboard */; };
		BEF2DF961CCA296500E72383 /* ssss.xcdatamodeld in Sources */ = {isa = PBXBuildFile; fileRef = BEF2DF941CCA296500E72383 /* ssss.xcdatamodeld */; };
		BEF2DF981CCA296500E72383 /* Assets.xcassets in Resources */ = {isa = PBXBuildFile; fileRef = BEF2DF971CCA296500E72383 /* Assets.xcassets */; };
		BEF2DF9B1CCA296500E72383 /* LaunchScreen.storyboard in Resources */ = {isa = PBXBuildFile; fileRef = BEF2DF991CCA296500E72383 /* LaunchScreen.storyboard */; };
		BEF2DFA61CCA296500E72383 /* ssssTests.swift in Sources */ = {isa = PBXBuildFile; fileRef = BEF2DFA51CCA296500E72383 /* ssssTests.swift */; };
		BEF2DFB11CCA296600E72383 /* ssssUITests.swift in Sources */ = {isa = PBXBuildFile; fileRef = BEF2DFB01CCA296600E72383 /* ssssUITests.swift */; };
/* End PBXBuildFile section */

/* Begin PBXContainerItemProxy section */
		BEF2DFA21CCA296500E72383 /* PBXContainerItemProxy */ = {
			isa = PBXContainerItemProxy;
			containerPortal = BEF2DF821CCA296500E72383 /* Project object */;
			proxyType = 1;
			remoteGlobalIDString = BEF2DF891CCA296500E72383;
			remoteInfo = ssss;
		};
		BEF2DFAD1CCA296500E72383 /* PBXContainerItemProxy */ = {
			isa = PBXContainerItemProxy;
			containerPortal = BEF2DF821CCA296500E72383 /* Project object */;
			proxyType = 1;
			remoteGlobalIDString = BEF2DF891CCA296500E72383;
			remoteInfo = ssss;
		};
/* End PBXContainerItemProxy section */

/* Begin PBXFileReference section */
		BEF2DF8A1CCA296500E72383 /* ssss.app */ = {isa = PBXFileReference; explicitFileType = wrapper.application; includeInIndex = 0; path = ssss.app; sourceTree = BUILT_PRODUCTS_DIR; };
		BEF2DF8D1CCA296500E72383 /* AppDelegate.swift */ = {isa = PBXFileReference; lastKnownFileType = sourcecode.swift; path = AppDelegate.swift; sourceTree = "<group>"; };
		BEF2DF8F1CCA296500E72383 /* ViewController.swift */ = {isa = PBXFileReference; lastKnownFileType = sourcecode.swift; path = ViewController.swift; sourceTree = "<group>"; };
		BEF2DF921CCA296500E72383 /* Base */ = {isa = PBXFileReference; lastKnownFileType = file.storyboard; name = Base; path = Base.lproj/Main.storyboard; sourceTree = "<group>"; };
		BEF2DF951CCA296500E72383 /* ssss.xcdatamodel */ = {isa = PBXFileReference; lastKnownFileType = wrapper.xcdatamodel; path = ssss.xcdatamodel; sourceTree = "<group>"; };
		BEF2DF971CCA296500E72383 /* Assets.xcassets */ = {isa = PBXFileReference; lastKnownFileType = folder.assetcatalog; path = Assets.xcassets; sourceTree = "<group>"; };
		BEF2DF9A1CCA296500E72383 /* Base */ = {isa = PBXFileReference; lastKnownFileType = file.storyboard; name = Base; path = Base.lproj/LaunchScreen.storyboard; sourceTree = "<group>"; };
		BEF2DF9C1CCA296500E72383 /* Info.plist */ = {isa = PBXFileReference; lastKnownFileType = text.plist.xml; path = Info.plist; sourceTree = "<group>"; };
		BEF2DFA11CCA296500E72383 /* ssssTests.xctest */ = {isa = PBXFileReference; explicitFileType = wrapper.cfbundle; includeInIndex = 0; path = ssssTests.xctest; sourceTree = BUILT_PRODUCTS_DIR; };
		BEF2DFA51CCA296500E72383 /* ssssTests.swift */ = {isa = PBXFileReference; lastKnownFileType = sourcecode.swift; path = ssssTests.swift; sourceTree = "<group>"; };
		BEF2DFA71CCA296500E72383 /* Info.plist */ = {isa = PBXFileReference; lastKnownFileType = text.plist.xml; path = Info.plist; sourceTree = "<group>"; };
		BEF2DFAC1CCA296500E72383 /* ssssUITests.xctest */ = {isa = PBXFileReference; explicitFileType = wrapper.cfbundle; includeInIndex = 0; path = ssssUITests.xctest; sourceTree = BUILT_PRODUCTS_DIR; };
		BEF2DFB01CCA296600E72383 /* ssssUITests.swift */ = {isa = PBXFileReference; lastKnownFileType = sourcecode.swift; path = ssssUITests.swift; sourceTree = "<group>"; };
		BEF2DFB21CCA296600E72383 /* Info.plist */ = {isa = PBXFileReference; lastKnownFileType = text.plist.xml; path = Info.plist; sourceTree = "<group>"; };
/* End PBXFileReference section */

/* Begin PBXFrameworksBuildPhase section */
		BEF2DF871CCA296500E72383 /* Frameworks */ = {
			isa = PBXFrameworksBuildPhase;
			buildActionMask = 2147483647;
			files = (
			);
			runOnlyForDeploymentPostprocessing = 0;
		};
		BEF2DF9E1CCA296500E72383 /* Frameworks */ = {
			isa = PBXFrameworksBuildPhase;
			buildActionMask = 2147483647;
			files = (
			);
			runOnlyForDeploymentPostprocessing = 0;
		};
		BEF2DFA91CCA296500E72383 /* Frameworks */ = {
			isa = PBXFrameworksBuildPhase;
			buildActionMask = 2147483647;
			files = (
			);
			runOnlyForDeploymentPostprocessing = 0;
		};
/* End PBXFrameworksBuildPhase section */

/* Begin PBXGroup section */
		BEF2DF811CCA296500E72383 = {
			isa = PBXGroup;
			children = (
				BEF2DF8C1CCA296500E72383 /* ssss */,
				BEF2DFA41CCA296500E72383 /* ssssTests */,
				BEF2DFAF1CCA296600E72383 /* ssssUITests */,
				BEF2DF8B1CCA296500E72383 /* Products */,
			);
			sourceTree = "<group>";
		};
		BEF2DF8B1CCA296500E72383 /* Products */ = {
			isa = PBXGroup;
			children = (
				BEF2DF8A1CCA296500E72383 /* ssss.app */,
				BEF2DFA11CCA296500E72383 /* ssssTests.xctest */,
				BEF2DFAC1CCA296500E72383 /* ssssUITests.xctest */,
			);
			name = Products;
			sourceTree = "<group>";
		};
		BEF2DF8C1CCA296500E72383 /* ssss */ = {
			isa = PBXGroup;
			children = (
				BEF2DF8D1CCA296500E72383 /* AppDelegate.swift */,
				BEF2DF8F1CCA296500E72383 /* ViewController.swift */,
				BEF2DF911CCA296500E72383 /* Main.storyboard */,
				BEF2DF971CCA296500E72383 /* Assets.xcassets */,
				BEF2DF991CCA296500E72383 /* LaunchScreen.storyboard */,
				BEF2DF9C1CCA296500E72383 /* Info.plist */,
				BEF2DF941CCA296500E72383 /* ssss.xcdatamodeld */,
			);
			path = ssss;
			sourceTree = "<group>";
		};
		BEF2DFA41CCA296500E72383 /* ssssTests */ = {
			isa = PBXGroup;
			children = (
				BEF2DFA51CCA296500E72383 /* ssssTests.swift */,
				BEF2DFA71CCA296500E72383 /* Info.plist */,
			);
			path = ssssTests;
			sourceTree = "<group>";
		};
		BEF2DFAF1CCA296600E72383 /* ssssUITests */ = {
			isa = PBXGroup;
			children = (
				BEF2DFB01CCA296600E72383 /* ssssUITests.swift */,
				BEF2DFB21CCA296600E72383 /* Info.plist */,
			);
			path = ssssUITests;
			sourceTree = "<group>";
		};
/* End PBXGroup section */

/* Begin PBXNativeTarget section */
		BEF2DF891CCA296500E72383 /* ssss */ = {
			isa = PBXNativeTarget;
			buildConfigurationList = BEF2DFB51CCA296600E72383 /* Build configuration list for PBXNativeTarget "ssss" */;
			buildPhases = (
				BEF2DF861CCA296500E72383 /* Sources */,
				BEF2DF871CCA296500E72383 /* Frameworks */,
				BEF2DF881CCA296500E72383 /* Resources */,
			);
			buildRules = (
			);
			dependencies = (
			);
			name = ssss;
			productName = ssss;
			productReference = BEF2DF8A1CCA296500E72383 /* ssss.app */;
			productType = "com.apple.product-type.application";
		};
		BEF2DFA01CCA296500E72383 /* ssssTests */ = {
			isa = PBXNativeTarget;
			buildConfigurationList = BEF2DFB81CCA296600E72383 /* Build configuration list for PBXNativeTarget "ssssTests" */;
			buildPhases = (
				BEF2DF9D1CCA296500E72383 /* Sources */,
				BEF2DF9E1CCA296500E72383 /* Frameworks */,
				BEF2DF9F1CCA296500E72383 /* Resources */,
			);
			buildRules = (
			);
			dependencies = (
				BEF2DFA31CCA296500E72383 /* PBXTargetDependency */,
			);
			name = ssssTests;
			productName = ssssTests;
			productReference = BEF2DFA11CCA296500E72383 /* ssssTests.xctest */;
			productType = "com.apple.product-type.bundle.unit-test";
		};
		BEF2DFAB1CCA296500E72383 /* ssssUITests */ = {
			isa = PBXNativeTarget;
			buildConfigurationList = BEF2DFBB1CCA296600E72383 /* Build configuration list for PBXNativeTarget "ssssUITests" */;
			buildPhases = (
				BEF2DFA81CCA296500E72383 /* Sources */,
				BEF2DFA91CCA296500E72383 /* Frameworks */,
				BEF2DFAA1CCA296500E72383 /* Resources */,
			);
			buildRules = (
			);
			dependencies = (
				BEF2DFAE1CCA296500E72383 /* PBXTargetDependency */,
			);
			name = ssssUITests;
			productName = ssssUITests;
			productReference = BEF2DFAC1CCA296500E72383 /* ssssUITests.xctest */;
			productType = "com.apple.product-type.bundle.ui-testing";
		};
/* End PBXNativeTarget section */

/* Begin PBXProject section */
		BEF2DF821CCA296500E72383 /* Project object */ = {
			isa = PBXProject;
			attributes = {
				LastSwiftUpdateCheck = 0710;
				LastUpgradeCheck = 0710;
				ORGANIZATIONNAME = kgbb;
				TargetAttributes = {
					BEF2DF891CCA296500E72383 = {
						CreatedOnToolsVersion = 7.1;
					};
					BEF2DFA01CCA296500E72383 = {
						CreatedOnToolsVersion = 7.1;
						TestTargetID = BEF2DF891CCA296500E72383;
					};
					BEF2DFAB1CCA296500E72383 = {
						CreatedOnToolsVersion = 7.1;
						TestTargetID = BEF2DF891CCA296500E72383;
					};
				};
			};
			buildConfigurationList = BEF2DF851CCA296500E72383 /* Build configuration list for PBXProject "ssss" */;
			compatibilityVersion = "Xcode 3.2";
			developmentRegion = English;
			hasScannedForEncodings = 0;
			knownRegions = (
				en,
				Base,
			);
			mainGroup = BEF2DF811CCA296500E72383;
			productRefGroup = BEF2DF8B1CCA296500E72383 /* Products */;
			projectDirPath = "";
			projectRoot = "";
			targets = (
				BEF2DF891CCA296500E72383 /* ssss */,
				BEF2DFA01CCA296500E72383 /* ssssTests */,
				BEF2DFAB1CCA296500E72383 /* ssssUITests */,
			);
		};
/* End PBXProject section */

/* Begin PBXResourcesBuildPhase section */
		BEF2DF881CCA296500E72383 /* Resources */ = {
			isa = PBXResourcesBuildPhase;
			buildActionMask = 2147483647;
			files = (
				BEF2DF9B1CCA296500E72383 /* LaunchScreen.storyboard in Resources */,
				BEF2DF981CCA296500E72383 /* Assets.xcassets in Resources */,
				BEF2DF931CCA296500E72383 /* Main.storyboard in Resources */,
			);
			runOnlyForDeploymentPostprocessing = 0;
		};
		BEF2DF9F1CCA296500E72383 /* Resources */ = {
			isa = PBXResourcesBuildPhase;
			buildActionMask = 2147483647;
			files = (
			);
			runOnlyForDeploymentPostprocessing = 0;
		};
		BEF2DFAA1CCA296500E72383 /* Resources */ = {
			isa = PBXResourcesBuildPhase;
			buildActionMask = 2147483647;
			files = (
			);
			runOnlyForDeploymentPostprocessing = 0;
		};
/* End PBXResourcesBuildPhase section */

/* Begin PBXSourcesBuildPhase section */
		BEF2DF861CCA296500E72383 /* Sources */ = {
			isa = PBXSourcesBuildPhase;
			buildActionMask = 2147483647;
			files = (
				BEF2DF901CCA296500E72383 /* ViewController.swift in Sources */,
				BEF2DF961CCA296500E72383 /* ssss.xcdatamodeld in Sources */,
				BEF2DF8E1CCA296500E72383 /* AppDelegate.swift in Sources */,
			);
			runOnlyForDeploymentPostprocessing = 0;
		};
		BEF2DF9D1CCA296500E72383 /* Sources */ = {
			isa = PBXSourcesBuildPhase;
			buildActionMask = 2147483647;
			files = (
				BEF2DFA61CCA296500E72383 /* ssssTests.swift in Sources */,
			);
			runOnlyForDeploymentPostprocessing = 0;
		};
		BEF2DFA81CCA296500E72383 /* Sources */ = {
			isa = PBXSourcesBuildPhase;
			buildActionMask = 2147483647;
			files = (
				BEF2DFB11CCA296600E72383 /* ssssUITests.swift in Sources */,
			);
			runOnlyForDeploymentPostprocessing = 0;
		};
/* End PBXSourcesBuildPhase section */

/* Begin PBXTargetDependency section */
		BEF2DFA31CCA296500E72383 /* PBXTargetDependency */ = {
			isa = PBXTargetDependency;
			target = BEF2DF891CCA296500E72383 /* ssss */;
			targetProxy = BEF2DFA21CCA296500E72383 /* PBXContainerItemProxy */;
		};
		BEF2DFAE1CCA296500E72383 /* PBXTargetDependency */ = {
			isa = PBXTargetDependency;
			target = BEF2DF891CCA296500E72383 /* ssss */;
			targetProxy = BEF2DFAD1CCA296500E72383 /* PBXContainerItemProxy */;
		};
/* End PBXTargetDependency section */

/* Begin PBXVariantGroup section */
		BEF2DF911CCA296500E72383 /* Main.storyboard */ = {
			isa = PBXVariantGroup;
			children = (
				BEF2DF921CCA296500E72383 /* Base */,
			);
			name = Main.storyboard;
			sourceTree = "<group>";
		};
		BEF2DF991CCA296500E72383 /* LaunchScreen.storyboard */ = {
			isa = PBXVariantGroup;
			children = (
				BEF2DF9A1CCA296500E72383 /* Base */,
			);
			name = LaunchScreen.storyboard;
			sourceTree = "<group>";
		};
/* End PBXVariantGroup section */

/* Begin XCBuildConfiguration section */
		BEF2DFB31CCA296600E72383 /* Debug */ = {
			isa = XCBuildConfiguration;
			buildSettings = {
				ALWAYS_SEARCH_USER_PATHS = NO;
				CLANG_CXX_LANGUAGE_STANDARD = "gnu++0x";
				CLANG_CXX_LIBRARY = "libc++";
				CLANG_ENABLE_MODULES = YES;
				CLANG_ENABLE_OBJC_ARC = YES;
				CLANG_WARN_BOOL_CONVERSION = YES;
				CLANG_WARN_CONSTANT_CONVERSION = YES;
				CLANG_WARN_DIRECT_OBJC_ISA_USAGE = YES_ERROR;
				CLANG_WARN_EMPTY_BODY = YES;
				CLANG_WARN_ENUM_CONVERSION = YES;
				CLANG_WARN_INT_CONVERSION = YES;
				CLANG_WARN_OBJC_ROOT_CLASS = YES_ERROR;
				CLANG_WARN_UNREACHABLE_CODE = YES;
				CLANG_WARN__DUPLICATE_METHOD_MATCH = YES;
				"CODE_SIGN_IDENTITY[sdk=iphoneos*]" = "iPhone Developer";
				COPY_PHASE_STRIP = NO;
				DEBUG_INFORMATION_FORMAT = dwarf;
				ENABLE_STRICT_OBJC_MSGSEND = YES;
				ENABLE_TESTABILITY = YES;
				GCC_C_LANGUAGE_STANDARD = gnu99;
				GCC_DYNAMIC_NO_PIC = NO;
				GCC_NO_COMMON_BLOCKS = YES;
				GCC_OPTIMIZATION_LEVEL = 0;
				GCC_PREPROCESSOR_DEFINITIONS = (
					"DEBUG=1",
					"$(inherited)",
				);
				GCC_WARN_64_TO_32_BIT_CONVERSION = YES;
				GCC_WARN_ABOUT_RETURN_TYPE = YES_ERROR;
				GCC_WARN_UNDECLARED_SELECTOR = YES;
				GCC_WARN_UNINITIALIZED_AUTOS = YES_AGGRESSIVE;
				GCC_WARN_UNUSED_FUNCTION = YES;
				GCC_WARN_UNUSED_VARIABLE = YES;
				IPHONEOS_DEPLOYMENT_TARGET = 9.1;
				MTL_ENABLE_DEBUG_INFO = YES;
				ONLY_ACTIVE_ARCH = YES;
				SDKROOT = iphoneos;
				SWIFT_OPTIMIZATION_LEVEL = "-Onone";
				TARGETED_DEVICE_FAMILY = "1,2";
			};
			name = Debug;
		};
		BEF2DFB41CCA296600E72383 /* Release */ = {
			isa = XCBuildConfiguration;
			buildSettings = {
				ALWAYS_SEARCH_USER_PATHS = NO;
				CLANG_CXX_LANGUAGE_STANDARD = "gnu++0x";
				CLANG_CXX_LIBRARY = "libc++";
				CLANG_ENABLE_MODULES = YES;
				CLANG_ENABLE_OBJC_ARC = YES;
				CLANG_WARN_BOOL_CONVERSION = YES;
				CLANG_WARN_CONSTANT_CONVERSION = YES;
				CLANG_WARN_DIRECT_OBJC_ISA_USAGE = YES_ERROR;
				CLANG_WARN_EMPTY_BODY = YES;
				CLANG_WARN_ENUM_CONVERSION = YES;
				CLANG_WARN_INT_CONVERSION = YES;
				CLANG_WARN_OBJC_ROOT_CLASS = YES_ERROR;
				CLANG_WARN_UNREACHABLE_CODE = YES;
				CLANG_WARN__DUPLICATE_METHOD_MATCH = YES;
				"CODE_SIGN_IDENTITY[sdk=iphoneos*]" = "iPhone Developer";
				COPY_PHASE_STRIP = NO;
				DEBUG_INFORMATION_FORMAT = "dwarf-with-dsym";
				ENABLE_NS_ASSERTIONS = NO;
				ENABLE_STRICT_OBJC_MSGSEND = YES;
				GCC_C_LANGUAGE_STANDARD = gnu99;
				GCC_NO_COMMON_BLOCKS = YES;
				GCC_WARN_64_TO_32_BIT_CONVERSION = YES;
				GCC_WARN_ABOUT_RETURN_TYPE = YES_ERROR;
				GCC_WARN_UNDECLARED_SELECTOR = YES;
				GCC_WARN_UNINITIALIZED_AUTOS = YES_AGGRESSIVE;
				GCC_WARN_UNUSED_FUNCTION = YES;
				GCC_WARN_UNUSED_VARIABLE = YES;
				IPHONEOS_DEPLOYMENT_TARGET = 9.1;
				MTL_ENABLE_DEBUG_INFO = NO;
				SDKROOT = iphoneos;
				TARGETED_DEVICE_FAMILY = "1,2";
				VALIDATE_PRODUCT = YES;
			};
			name = Release;
		};
		BEF2DFB61CCA296600E72383 /* Debug */ = {
			isa = XCBuildConfiguration;
			buildSettings = {
				ASSETCATALOG_COMPILER_APPICON_NAME = AppIcon;
				INFOPLIST_FILE = ssss/Info.plist;
				LD_RUNPATH_SEARCH_PATHS = "$(inherited) @executable_path/Frameworks";
				PRODUCT_BUNDLE_IDENTIFIER = zsycn.itcast.ssss;
				PRODUCT_NAME = "$(TARGET_NAME)";
			};
			name = Debug;
		};
		BEF2DFB71CCA296600E72383 /* Release */ = {
			isa = XCBuildConfiguration;
			buildSettings = {
				ASSETCATALOG_COMPILER_APPICON_NAME = AppIcon;
				INFOPLIST_FILE = ssss/Info.plist;
				LD_RUNPATH_SEARCH_PATHS = "$(inherited) @executable_path/Frameworks";
				PRODUCT_BUNDLE_IDENTIFIER = zsycn.itcast.ssss;
				PRODUCT_NAME = "$(TARGET_NAME)";
			};
			name = Release;
		};
		BEF2DFB91CCA296600E72383 /* Debug */ = {
			isa = XCBuildConfiguration;
			buildSettings = {
				BUNDLE_LOADER = "$(TEST_HOST)";
				INFOPLIST_FILE = ssssTests/Info.plist;
				LD_RUNPATH_SEARCH_PATHS = "$(inherited) @executable_path/Frameworks @loader_path/Frameworks";
				PRODUCT_BUNDLE_IDENTIFIER = zsycn.itcast.ssssTests;
				PRODUCT_NAME = "$(TARGET_NAME)";
				TEST_HOST = "$(BUILT_PRODUCTS_DIR)/ssss.app/ssss";
			};
			name = Debug;
		};
		BEF2DFBA1CCA296600E72383 /* Release */ = {
			isa = XCBuildConfiguration;
			buildSettings = {
				BUNDLE_LOADER = "$(TEST_HOST)";
				INFOPLIST_FILE = ssssTests/Info.plist;
				LD_RUNPATH_SEARCH_PATHS = "$(inherited) @executable_path/Frameworks @loader_path/Frameworks";
				PRODUCT_BUNDLE_IDENTIFIER = zsycn.itcast.ssssTests;
				PRODUCT_NAME = "$(TARGET_NAME)";
				TEST_HOST = "$(BUILT_PRODUCTS_DIR)/ssss.app/ssss";
			};
			name = Release;
		};
		BEF2DFBC1CCA296600E72383 /* Debug */ = {
			isa = XCBuildConfiguration;
			buildSettings = {
				INFOPLIST_FILE = ssssUITests/Info.plist;
				LD_RUNPATH_SEARCH_PATHS = "$(inherited) @executable_path/Frameworks @loader_path/Frameworks";
				PRODUCT_BUNDLE_IDENTIFIER = zsycn.itcast.ssssUITests;
				PRODUCT_NAME = "$(TARGET_NAME)";
				TEST_TARGET_NAME = ssss;
				USES_XCTRUNNER = YES;
			};
			name = Debug;
		};
		BEF2DFBD1CCA296600E72383 /* Release */ = {
			isa = XCBuildConfiguration;
			buildSettings = {
				INFOPLIST_FILE = ssssUITests/Info.plist;
				LD_RUNPATH_SEARCH_PATHS = "$(inherited) @executable_path/Frameworks @loader_path/Frameworks";
				PRODUCT_BUNDLE_IDENTIFIER = zsycn.itcast.ssssUITests;
				PRODUCT_NAME = "$(TARGET_NAME)";
				TEST_TARGET_NAME = ssss;
				USES_XCTRUNNER = YES;
			};
			name = Release;
		};
/* End XCBuildConfiguration section */

/* Begin XCConfigurationList section */
		BEF2DF851CCA296500E72383 /* Build configuration list for PBXProject "ssss" */ = {
			isa = XCConfigurationList;
			buildConfigurations = (
				BEF2DFB31CCA296600E72383 /* Debug */,
				BEF2DFB41CCA296600E72383 /* Release */,
			);
			defaultConfigurationIsVisible = 0;
			defaultConfigurationName = Release;
		};
		BEF2DFB51CCA296600E72383 /* Build configuration list for PBXNativeTarget "ssss" */ = {
			isa = XCConfigurationList;
			buildConfigurations = (
				BEF2DFB61CCA296600E72383 /* Debug */,
				BEF2DFB71CCA296600E72383 /* Release */,
			);
			defaultConfigurationIsVisible = 0;
		};
		BEF2DFB81CCA296600E72383 /* Build configuration list for PBXNativeTarget "ssssTests" */ = {
			isa = XCConfigurationList;
			buildConfigurations = (
				BEF2DFB91CCA296600E72383 /* Debug */,
				BEF2DFBA1CCA296600E72383 /* Release */,
			);
			defaultConfigurationIsVisible = 0;
		};
		BEF2DFBB1CCA296600E72383 /* Build configuration list for PBXNativeTarget "ssssUITests" */ = {
			isa = XCConfigurationList;
			buildConfigurations = (
				BEF2DFBC1CCA296600E72383 /* Debug */,
				BEF2DFBD1CCA296600E72383 /* Release */,
			);
			defaultConfigurationIsVisible = 0;
		};
/* End XCConfigurationList section */

/* Begin XCVersionGroup section */
		BEF2DF941CCA296500E72383 /* ssss.xcdatamodeld */ = {
			isa = XCVersionGroup;
			children = (
				BEF2DF951CCA296500E72383 /* ssss.xcdatamodel */,
			);
			currentVersion = BEF2DF951CCA296500E72383 /* ssss.xcdatamodel */;
			path = ssss.xcdatamodeld;
			sourceTree = "<group>";
			versionGroupType = wrapper.xcdatamodel;
		};
/* End XCVersionGroup section */
	};
	rootObject = BEF2DF821CCA296500E72383 /* Project object */;
}
